// !$*UTF8*$!
{
	archiveVersion = 1;
	classes = {
	};
	objectVersion = 44;
	objects = {

/* Begin PBXBuildFile section */
		0091D8F90E81B9330029341E /* OpenGL.framework in Frameworks */ = {isa = PBXBuildFile; fileRef = 0091D8F80E81B9330029341E /* OpenGL.framework */; };
		00B784B30FF439BC000DE1D7 /* Accelerate.framework in Frameworks */ = {isa = PBXBuildFile; fileRef = 00B784AF0FF439BC000DE1D7 /* Accelerate.framework */; };
		00B784B40FF439BC000DE1D7 /* AudioToolbox.framework in Frameworks */ = {isa = PBXBuildFile; fileRef = 00B784B00FF439BC000DE1D7 /* AudioToolbox.framework */; };
		00B784B50FF439BC000DE1D7 /* AudioUnit.framework in Frameworks */ = {isa = PBXBuildFile; fileRef = 00B784B10FF439BC000DE1D7 /* AudioUnit.framework */; };
		00B784B60FF439BC000DE1D7 /* CoreAudio.framework in Frameworks */ = {isa = PBXBuildFile; fileRef = 00B784B20FF439BC000DE1D7 /* CoreAudio.framework */; };
		5323E6B20EAFCA74003A9687 /* CoreVideo.framework in Frameworks */ = {isa = PBXBuildFile; fileRef = 5323E6B10EAFCA74003A9687 /* CoreVideo.framework */; };
		5323E6B60EAFCA7E003A9687 /* QTKit.framework in Frameworks */ = {isa = PBXBuildFile; fileRef = 5323E6B50EAFCA7E003A9687 /* QTKit.framework */; };
		8D11072F0486CEB800E47090 /* Cocoa.framework in Frameworks */ = {isa = PBXBuildFile; fileRef = 1058C7A1FEA54F0111CA2CBB /* Cocoa.framework */; };
		B0D50D397E174AE6B6843653 /* CinderOpenCV.h in Headers */ = {isa = PBXBuildFile; fileRef = 757D8A97C28942A0B6710DE3 /* CinderOpenCV.h */; };
		490F46F51D8C4769B531265B /* testdata in Resources */ = {isa = PBXBuildFile; fileRef = 6CE2556A4ED44230A5531283 /* testdata */; };
		159F85E2A2244952BE0F2282 /* markerdetector.cpp in Sources */ = {isa = PBXBuildFile; fileRef = 72334BB0C3424A578BEA9F68 /* markerdetector.cpp */; };
		FBC3AED6209949479720E3DF /* marker.cpp in Sources */ = {isa = PBXBuildFile; fileRef = EDFD15C2E56F49C9B560A122 /* marker.cpp */; };
		94AA7AE5F2FD458E9EAC34EC /* cvdrawingutils.cpp in Sources */ = {isa = PBXBuildFile; fileRef = AB5835BBAE8C41B4BDF6B568 /* cvdrawingutils.cpp */; };
		9046A6E8EB6345FC8B23CD3B /* cameraparameters.cpp in Sources */ = {isa = PBXBuildFile; fileRef = 7B572B1EB78642E8BEED1E68 /* cameraparameters.cpp */; };
		C269B89DCD9D4C25B52938D3 /* boarddetector.cpp in Sources */ = {isa = PBXBuildFile; fileRef = 750A3308E7E64943A4616883 /* boarddetector.cpp */; };
		3746DE1DD5BA4F718A908720 /* board.cpp in Sources */ = {isa = PBXBuildFile; fileRef = 891F44B95C954335B614C9C4 /* board.cpp */; };
		DCF979CE9BCD427A848017AA /* arucofidmarkers.cpp in Sources */ = {isa = PBXBuildFile; fileRef = CA206664D04A460BB212F312 /* arucofidmarkers.cpp */; };
		58E6037E4EA14B3FB51557FA /* aruco.h in Headers */ = {isa = PBXBuildFile; fileRef = F8981B5EEB994D548D1EDB73 /* aruco.h */; };
		83F6DF7B625D4ECFB7C331CF /* CinderCalibration_Prefix.pch in Headers */ = {isa = PBXBuildFile; fileRef = AEA704D4ABC1494AB59F6132 /* CinderCalibration_Prefix.pch */; };
		B9110EC00B794E40BABF8567 /* CinderApp.icns in Resources */ = {isa = PBXBuildFile; fileRef = 0D7A7333FF154BD0BF82977A /* CinderApp.icns */; };
		B0F7BF5DDFC2403AA876639F /* Resources.h in Headers */ = {isa = PBXBuildFile; fileRef = 112D3B16BD524D2E93E58945 /* Resources.h */; };
		7D5BC9451DD141E789B802BD /* CinderCalibrationApp.cpp in Sources */ = {isa = PBXBuildFile; fileRef = B1AAD8C5E745495CA3B82F8D /* CinderCalibrationApp.cpp */; };
/* End PBXBuildFile section */

/* Begin PBXFileReference section */
		0091D8F80E81B9330029341E /* OpenGL.framework */ = {isa = PBXFileReference; lastKnownFileType = wrapper.framework; name = OpenGL.framework; path = /System/Library/Frameworks/OpenGL.framework; sourceTree = "<absolute>"; };
		00B784AF0FF439BC000DE1D7 /* Accelerate.framework */ = {isa = PBXFileReference; lastKnownFileType = wrapper.framework; name = Accelerate.framework; path = System/Library/Frameworks/Accelerate.framework; sourceTree = SDKROOT; };
		00B784B00FF439BC000DE1D7 /* AudioToolbox.framework */ = {isa = PBXFileReference; lastKnownFileType = wrapper.framework; name = AudioToolbox.framework; path = System/Library/Frameworks/AudioToolbox.framework; sourceTree = SDKROOT; };
		00B784B10FF439BC000DE1D7 /* AudioUnit.framework */ = {isa = PBXFileReference; lastKnownFileType = wrapper.framework; name = AudioUnit.framework; path = System/Library/Frameworks/AudioUnit.framework; sourceTree = SDKROOT; };
		00B784B20FF439BC000DE1D7 /* CoreAudio.framework */ = {isa = PBXFileReference; lastKnownFileType = wrapper.framework; name = CoreAudio.framework; path = System/Library/Frameworks/CoreAudio.framework; sourceTree = SDKROOT; };
		1058C7A1FEA54F0111CA2CBB /* Cocoa.framework */ = {isa = PBXFileReference; lastKnownFileType = wrapper.framework; name = Cocoa.framework; path = /System/Library/Frameworks/Cocoa.framework; sourceTree = "<absolute>"; };
		29B97324FDCFA39411CA2CEA /* AppKit.framework */ = {isa = PBXFileReference; lastKnownFileType = wrapper.framework; name = AppKit.framework; path = /System/Library/Frameworks/AppKit.framework; sourceTree = "<absolute>"; };
		29B97325FDCFA39411CA2CEA /* Foundation.framework */ = {isa = PBXFileReference; lastKnownFileType = wrapper.framework; name = Foundation.framework; path = /System/Library/Frameworks/Foundation.framework; sourceTree = "<absolute>"; };
		5323E6B10EAFCA74003A9687 /* CoreVideo.framework */ = {isa = PBXFileReference; lastKnownFileType = wrapper.framework; name = CoreVideo.framework; path = /System/Library/Frameworks/CoreVideo.framework; sourceTree = "<absolute>"; };
		5323E6B50EAFCA7E003A9687 /* QTKit.framework */ = {isa = PBXFileReference; lastKnownFileType = wrapper.framework; name = QTKit.framework; path = /System/Library/Frameworks/QTKit.framework; sourceTree = "<absolute>"; };
		8D1107320486CEB800E47090 /* CinderCalibration.app */ = {isa = PBXFileReference; explicitFileType = wrapper.application; includeInIndex = 0; path = CinderCalibration.app; sourceTree = BUILT_PRODUCTS_DIR; };
		B1AAD8C5E745495CA3B82F8D /* CinderCalibrationApp.cpp */ = {isa = PBXFileReference; lastKnownFileType = sourcecode.c.cpp; path = ../src/CinderCalibrationApp.cpp; sourceTree = "<group>"; name = CinderCalibrationApp.cpp; };
		112D3B16BD524D2E93E58945 /* Resources.h */ = {isa = PBXFileReference; lastKnownFileType = sourcecode.c.h; path = ../include/Resources.h; sourceTree = "<group>"; name = Resources.h; };
		0D7A7333FF154BD0BF82977A /* CinderApp.icns */ = {isa = PBXFileReference; lastKnownFileType = image.icns; path = ../resources/CinderApp.icns; sourceTree = "<group>"; name = CinderApp.icns; };
		5EC603C6A2EE4EBF9FD6599A /* Info.plist */ = {isa = PBXFileReference; lastKnownFileType = text.plist.xml; path = Info.plist; sourceTree = "<group>"; name = Info.plist; };
		AEA704D4ABC1494AB59F6132 /* CinderCalibration_Prefix.pch */ = {isa = PBXFileReference; lastKnownFileType = "\"\""; path = CinderCalibration_Prefix.pch; sourceTree = "<group>"; name = CinderCalibration_Prefix.pch; };
		F8981B5EEB994D548D1EDB73 /* aruco.h */ = {isa = PBXFileReference; lastKnownFileType = sourcecode.c.h; path = ../../cinder_master/blocks/ArUco/lib/aruco/src/aruco.h; sourceTree = "<group>"; name = aruco.h; };
		CA206664D04A460BB212F312 /* arucofidmarkers.cpp */ = {isa = PBXFileReference; lastKnownFileType = sourcecode.c.cpp; path = ../../cinder_master/blocks/ArUco/lib/aruco/src/arucofidmarkers.cpp; sourceTree = "<group>"; name = arucofidmarkers.cpp; };
		891F44B95C954335B614C9C4 /* board.cpp */ = {isa = PBXFileReference; lastKnownFileType = sourcecode.c.cpp; path = ../../cinder_master/blocks/ArUco/lib/aruco/src/board.cpp; sourceTree = "<group>"; name = board.cpp; };
		750A3308E7E64943A4616883 /* boarddetector.cpp */ = {isa = PBXFileReference; lastKnownFileType = sourcecode.c.cpp; path = ../../cinder_master/blocks/ArUco/lib/aruco/src/boarddetector.cpp; sourceTree = "<group>"; name = boarddetector.cpp; };
		7B572B1EB78642E8BEED1E68 /* cameraparameters.cpp */ = {isa = PBXFileReference; lastKnownFileType = sourcecode.c.cpp; path = ../../cinder_master/blocks/ArUco/lib/aruco/src/cameraparameters.cpp; sourceTree = "<group>"; name = cameraparameters.cpp; };
		AB5835BBAE8C41B4BDF6B568 /* cvdrawingutils.cpp */ = {isa = PBXFileReference; lastKnownFileType = sourcecode.c.cpp; path = ../../cinder_master/blocks/ArUco/lib/aruco/src/cvdrawingutils.cpp; sourceTree = "<group>"; name = cvdrawingutils.cpp; };
		EDFD15C2E56F49C9B560A122 /* marker.cpp */ = {isa = PBXFileReference; lastKnownFileType = sourcecode.c.cpp; path = ../../cinder_master/blocks/ArUco/lib/aruco/src/marker.cpp; sourceTree = "<group>"; name = marker.cpp; };
		72334BB0C3424A578BEA9F68 /* markerdetector.cpp */ = {isa = PBXFileReference; lastKnownFileType = sourcecode.c.cpp; path = ../../cinder_master/blocks/ArUco/lib/aruco/src/markerdetector.cpp; sourceTree = "<group>"; name = markerdetector.cpp; };
		6CE2556A4ED44230A5531283 /* testdata */ = {isa = PBXFileReference; lastKnownFileType = "\"\""; path = ../../cinder_master/blocks/ArUco/lib/testdata; sourceTree = "<group>"; name = testdata; };
		757D8A97C28942A0B6710DE3 /* CinderOpenCV.h */ = {isa = PBXFileReference; lastKnownFileType = sourcecode.c.h; path = "../../cinder_master/blocks/Cinder-OpenCV/include/CinderOpenCV.h"; sourceTree = "<group>"; name = CinderOpenCV.h; };
/* End PBXFileReference section */

/* Begin PBXFrameworksBuildPhase section */
		8D11072E0486CEB800E47090 /* Frameworks */ = {
			isa = PBXFrameworksBuildPhase;
			buildActionMask = 2147483647;
			files = (
				8D11072F0486CEB800E47090 /* Cocoa.framework in Frameworks */,
				0091D8F90E81B9330029341E /* OpenGL.framework in Frameworks */,
				5323E6B20EAFCA74003A9687 /* CoreVideo.framework in Frameworks */,
				5323E6B60EAFCA7E003A9687 /* QTKit.framework in Frameworks */,
				00B784B30FF439BC000DE1D7 /* Accelerate.framework in Frameworks */,
				00B784B40FF439BC000DE1D7 /* AudioToolbox.framework in Frameworks */,
				00B784B50FF439BC000DE1D7 /* AudioUnit.framework in Frameworks */,
				00B784B60FF439BC000DE1D7 /* CoreAudio.framework in Frameworks */,
			);
			runOnlyForDeploymentPostprocessing = 0;
		};
/* End PBXFrameworksBuildPhase section */

/* Begin PBXGroup section */
		080E96DDFE201D6D7F000001 /* Source */ = {
			isa = PBXGroup;
			children = (
				B1AAD8C5E745495CA3B82F8D /* CinderCalibrationApp.cpp */,
			);
			name = Source;
			sourceTree = "<group>";
		};
		1058C7A0FEA54F0111CA2CBB /* Linked Frameworks */ = {
			isa = PBXGroup;
			children = (
				00B784AF0FF439BC000DE1D7 /* Accelerate.framework */,
				00B784B00FF439BC000DE1D7 /* AudioToolbox.framework */,
				00B784B10FF439BC000DE1D7 /* AudioUnit.framework */,
				00B784B20FF439BC000DE1D7 /* CoreAudio.framework */,
				5323E6B50EAFCA7E003A9687 /* QTKit.framework */,
				5323E6B10EAFCA74003A9687 /* CoreVideo.framework */,
				0091D8F80E81B9330029341E /* OpenGL.framework */,
				1058C7A1FEA54F0111CA2CBB /* Cocoa.framework */,
			);
			name = "Linked Frameworks";
			sourceTree = "<group>";
		};
		1058C7A2FEA54F0111CA2CBB /* Other Frameworks */ = {
			isa = PBXGroup;
			children = (
				29B97324FDCFA39411CA2CEA /* AppKit.framework */,
				29B97325FDCFA39411CA2CEA /* Foundation.framework */,
			);
			name = "Other Frameworks";
			sourceTree = "<group>";
		};
		19C28FACFE9D520D11CA2CBB /* Products */ = {
			isa = PBXGroup;
			children = (
				8D1107320486CEB800E47090 /* CinderCalibration.app */,
			);
			name = Products;
			sourceTree = "<group>";
		};
		29B97314FDCFA39411CA2CEA /* CinderCalibration */ = {
			isa = PBXGroup;
			children = (
				01B97315FEAEA392516A2CEA /* Blocks */,
				29B97315FDCFA39411CA2CEA /* Headers */,
				080E96DDFE201D6D7F000001 /* Source */,
				29B97317FDCFA39411CA2CEA /* Resources */,
				29B97323FDCFA39411CA2CEA /* Frameworks */,
				19C28FACFE9D520D11CA2CBB /* Products */,
			);
			name = CinderCalibration;
			sourceTree = "<group>";
		};
		45F52ABF346345FB8564DB83 /* src */ = {
			isa = PBXGroup;
			children = (
				F8981B5EEB994D548D1EDB73 /* aruco.h */,
				CA206664D04A460BB212F312 /* arucofidmarkers.cpp */,
				891F44B95C954335B614C9C4 /* board.cpp */,
				750A3308E7E64943A4616883 /* boarddetector.cpp */,
				7B572B1EB78642E8BEED1E68 /* cameraparameters.cpp */,
				AB5835BBAE8C41B4BDF6B568 /* cvdrawingutils.cpp */,
				EDFD15C2E56F49C9B560A122 /* marker.cpp */,
				72334BB0C3424A578BEA9F68 /* markerdetector.cpp */,
			);
			name = src;
			sourceTree = "<group>";
		};
		733C4A22A5F44A75B459C047 /* aruco */ = {
			isa = PBXGroup;
			children = (
				45F52ABF346345FB8564DB83 /* src */,
			);
			name = aruco;
			sourceTree = "<group>";
		};
		172CE9A9D8E244A6905B7382 /* lib */ = {
			isa = PBXGroup;
			children = (
				733C4A22A5F44A75B459C047 /* aruco */,
				6CE2556A4ED44230A5531283 /* testdata */,
			);
			name = lib;
			sourceTree = "<group>";
		};
		DBA7229328964C2FB058AD6C /* ArUco */ = {
			isa = PBXGroup;
			children = (
				172CE9A9D8E244A6905B7382 /* lib */,
			);
			name = ArUco;
			sourceTree = "<group>";
		};
		8D9FC512546F492CA9429CFF /* include */ = {
			isa = PBXGroup;
			children = (
				757D8A97C28942A0B6710DE3 /* CinderOpenCV.h */,
			);
			name = include;
			sourceTree = "<group>";
		};
		28F0E38459D14417AFE42FF4 /* OpenCV */ = {
			isa = PBXGroup;
			children = (
				8D9FC512546F492CA9429CFF /* include */,
			);
			name = OpenCV;
			sourceTree = "<group>";
		};
		01B97315FEAEA392516A2CEA /* Blocks */ = {
			isa = PBXGroup;
			children = (
				DBA7229328964C2FB058AD6C /* ArUco */,
				28F0E38459D14417AFE42FF4 /* OpenCV */,
			);
			name = Blocks;
			sourceTree = "<group>";
		};
		29B97315FDCFA39411CA2CEA /* Headers */ = {
			isa = PBXGroup;
			children = (
				112D3B16BD524D2E93E58945 /* Resources.h */,
				AEA704D4ABC1494AB59F6132 /* CinderCalibration_Prefix.pch */,
			);
			name = Headers;
			sourceTree = "<group>";
		};
		29B97317FDCFA39411CA2CEA /* Resources */ = {
			isa = PBXGroup;
			children = (
				0D7A7333FF154BD0BF82977A /* CinderApp.icns */,
				5EC603C6A2EE4EBF9FD6599A /* Info.plist */,
			);
			name = Resources;
			sourceTree = "<group>";
		};
		29B97323FDCFA39411CA2CEA /* Frameworks */ = {
			isa = PBXGroup;
			children = (
				1058C7A0FEA54F0111CA2CBB /* Linked Frameworks */,
				1058C7A2FEA54F0111CA2CBB /* Other Frameworks */,
			);
			name = Frameworks;
			sourceTree = "<group>";
		};
/* End PBXGroup section */

/* Begin PBXNativeTarget section */
		8D1107260486CEB800E47090 /* CinderCalibration */ = {
			isa = PBXNativeTarget;
			buildConfigurationList = C01FCF4A08A954540054247B /* Build configuration list for PBXNativeTarget "CinderCalibration" */;
			buildPhases = (
				8D1107290486CEB800E47090 /* Resources */,
				8D11072C0486CEB800E47090 /* Sources */,
				8D11072E0486CEB800E47090 /* Frameworks */,
			);
			buildRules = (
			);
			dependencies = (
			);
			name = CinderCalibration;
			productInstallPath = "$(HOME)/Applications";
			productName = CinderCalibration;
			productReference = 8D1107320486CEB800E47090 /* CinderCalibration.app */;
			productType = "com.apple.product-type.application";
		};
/* End PBXNativeTarget section */

/* Begin PBXProject section */
		29B97313FDCFA39411CA2CEA /* Project object */ = {
			isa = PBXProject;
			buildConfigurationList = C01FCF4E08A954540054247B /* Build configuration list for PBXProject "CinderCalibration" */;
			compatibilityVersion = "Xcode 3.2";
			developmentRegion = English;
			hasScannedForEncodings = 1;
			knownRegions = (
				English,
				Japanese,
				French,
				German,
			);
			mainGroup = 29B97314FDCFA39411CA2CEA /* CinderCalibration */;
			projectDirPath = "";
			projectRoot = "";
			targets = (
				8D1107260486CEB800E47090 /* CinderCalibration */,
			);
		};
/* End PBXProject section */

/* Begin PBXResourcesBuildPhase section */
		8D1107290486CEB800E47090 /* Resources */ = {
			isa = PBXResourcesBuildPhase;
			buildActionMask = 2147483647;
			files = (
				B9110EC00B794E40BABF8567 /* CinderApp.icns in Resources */,
				490F46F51D8C4769B531265B /* testdata in Resources */,
			);
			runOnlyForDeploymentPostprocessing = 0;
		};
/* End PBXResourcesBuildPhase section */

/* Begin PBXSourcesBuildPhase section */
		8D11072C0486CEB800E47090 /* Sources */ = {
			isa = PBXSourcesBuildPhase;
			buildActionMask = 2147483647;
			files = (
				7D5BC9451DD141E789B802BD /* CinderCalibrationApp.cpp in Sources */,
				DCF979CE9BCD427A848017AA /* arucofidmarkers.cpp in Sources */,
				3746DE1DD5BA4F718A908720 /* board.cpp in Sources */,
				C269B89DCD9D4C25B52938D3 /* boarddetector.cpp in Sources */,
				9046A6E8EB6345FC8B23CD3B /* cameraparameters.cpp in Sources */,
				94AA7AE5F2FD458E9EAC34EC /* cvdrawingutils.cpp in Sources */,
				FBC3AED6209949479720E3DF /* marker.cpp in Sources */,
				159F85E2A2244952BE0F2282 /* markerdetector.cpp in Sources */,
			);
			runOnlyForDeploymentPostprocessing = 0;
		};
/* End PBXSourcesBuildPhase section */

/* Begin XCBuildConfiguration section */
		C01FCF4B08A954540054247B /* Debug */ = {
			isa = XCBuildConfiguration;
			buildSettings = {
				COMBINE_HIDPI_IMAGES = YES;
				DEAD_CODE_STRIPPING = YES;
				COPY_PHASE_STRIP = NO;
				GCC_DYNAMIC_NO_PIC = NO;
				GCC_INLINES_ARE_PRIVATE_EXTERN = YES;
				GCC_OPTIMIZATION_LEVEL = 0;
				GCC_PREPROCESSOR_DEFINITIONS = (
					"DEBUG=1",
					"$(inherited)",
				);
				GCC_PRECOMPILE_PREFIX_HEADER = YES;
				GCC_PREFIX_HEADER = CinderCalibration_Prefix.pch;
				GCC_SYMBOLS_PRIVATE_EXTERN = NO;
				INFOPLIST_FILE = Info.plist;
				INSTALL_PATH = "$(HOME)/Applications";
				OTHER_LDFLAGS = (
					"\"$(CINDER_PATH)/lib/libcinder_d.a\"",
					"\"../../cinder_master/blocks/Cinder-OpenCV/lib/macosx/libopencv_calib3d.a\"",
					"\"../../cinder_master/blocks/Cinder-OpenCV/lib/macosx/libopencv_contrib.a\"",
					"\"../../cinder_master/blocks/Cinder-OpenCV/lib/macosx/libopencv_core.a\"",
					"\"../../cinder_master/blocks/Cinder-OpenCV/lib/macosx/libopencv_features2d.a\"",
					"\"../../cinder_master/blocks/Cinder-OpenCV/lib/macosx/libopencv_flann.a\"",
					"\"../../cinder_master/blocks/Cinder-OpenCV/lib/macosx/libopencv_gpu.a\"",
					"\"../../cinder_master/blocks/Cinder-OpenCV/lib/macosx/libopencv_imgproc.a\"",
					"\"../../cinder_master/blocks/Cinder-OpenCV/lib/macosx/libopencv_legacy.a\"",
					"\"../../cinder_master/blocks/Cinder-OpenCV/lib/macosx/libopencv_ml.a\"",
					"\"../../cinder_master/blocks/Cinder-OpenCV/lib/macosx/libopencv_nonfree.a\"",
					"\"../../cinder_master/blocks/Cinder-OpenCV/lib/macosx/libopencv_objdetect.a\"",
					"\"../../cinder_master/blocks/Cinder-OpenCV/lib/macosx/libopencv_photo.a\"",
					"\"../../cinder_master/blocks/Cinder-OpenCV/lib/macosx/libopencv_stitching.a\"",
					"\"../../cinder_master/blocks/Cinder-OpenCV/lib/macosx/libopencv_ts.a\"",
					"\"../../cinder_master/blocks/Cinder-OpenCV/lib/macosx/libopencv_video.a\"",
					"\"../../cinder_master/blocks/Cinder-OpenCV/lib/macosx/libopencv_videostab.a\"",
				);
				PRODUCT_NAME = CinderCalibration;
				WRAPPER_EXTENSION = app;
				SYMROOT = ./build;
			};
			name = Debug;
		};
		C01FCF4C08A954540054247B /* Release */ = {
			isa = XCBuildConfiguration;
			buildSettings = {
				COMBINE_HIDPI_IMAGES = YES;
				DEAD_CODE_STRIPPING = YES;
				DEBUG_INFORMATION_FORMAT = "dwarf-with-dsym";
				GCC_FAST_MATH = YES;
				GCC_GENERATE_DEBUGGING_SYMBOLS = NO;
				GCC_INLINES_ARE_PRIVATE_EXTERN = YES;
				GCC_OPTIMIZATION_LEVEL = 3;
				GCC_PRECOMPILE_PREFIX_HEADER = YES;
				GCC_PREFIX_HEADER = CinderCalibration_Prefix.pch;
				GCC_SYMBOLS_PRIVATE_EXTERN = NO;
				INFOPLIST_FILE = Info.plist;
				INSTALL_PATH = "$(HOME)/Applications";
				OTHER_LDFLAGS = (
					"\"$(CINDER_PATH)/lib/libcinder.a\"",
					"\"../../cinder_master/blocks/Cinder-OpenCV/lib/macosx/libopencv_calib3d.a\"",
					"\"../../cinder_master/blocks/Cinder-OpenCV/lib/macosx/libopencv_contrib.a\"",
					"\"../../cinder_master/blocks/Cinder-OpenCV/lib/macosx/libopencv_core.a\"",
					"\"../../cinder_master/blocks/Cinder-OpenCV/lib/macosx/libopencv_features2d.a\"",
					"\"../../cinder_master/blocks/Cinder-OpenCV/lib/macosx/libopencv_flann.a\"",
					"\"../../cinder_master/blocks/Cinder-OpenCV/lib/macosx/libopencv_gpu.a\"",
					"\"../../cinder_master/blocks/Cinder-OpenCV/lib/macosx/libopencv_imgproc.a\"",
					"\"../../cinder_master/blocks/Cinder-OpenCV/lib/macosx/libopencv_legacy.a\"",
					"\"../../cinder_master/blocks/Cinder-OpenCV/lib/macosx/libopencv_ml.a\"",
					"\"../../cinder_master/blocks/Cinder-OpenCV/lib/macosx/libopencv_nonfree.a\"",
					"\"../../cinder_master/blocks/Cinder-OpenCV/lib/macosx/libopencv_objdetect.a\"",
					"\"../../cinder_master/blocks/Cinder-OpenCV/lib/macosx/libopencv_photo.a\"",
					"\"../../cinder_master/blocks/Cinder-OpenCV/lib/macosx/libopencv_stitching.a\"",
					"\"../../cinder_master/blocks/Cinder-OpenCV/lib/macosx/libopencv_ts.a\"",
					"\"../../cinder_master/blocks/Cinder-OpenCV/lib/macosx/libopencv_video.a\"",
					"\"../../cinder_master/blocks/Cinder-OpenCV/lib/macosx/libopencv_videostab.a\"",
				);
				PRODUCT_NAME = CinderCalibration;
				STRIP_INSTALLED_PRODUCT = YES;
				WRAPPER_EXTENSION = app;
				SYMROOT = ./build;
			};
			name = Release;
		};
		C01FCF4F08A954540054247B /* Debug */ = {
			isa = XCBuildConfiguration;
			buildSettings = {
				CLANG_CXX_LANGUAGE_STANDARD = "c++0x";
				CLANG_CXX_LIBRARY = "libc++";
				ALWAYS_SEARCH_USER_PATHS = NO;
				ARCHS = i386;
				CINDER_PATH = "../../cinder_master";
				GCC_WARN_ABOUT_RETURN_TYPE = YES;
				GCC_WARN_UNUSED_VARIABLE = YES;
				HEADER_SEARCH_PATHS = "\"$(CINDER_PATH)/boost\"";
				MACOSX_DEPLOYMENT_TARGET = 10.7;
				SDKROOT = macosx;
				USER_HEADER_SEARCH_PATHS = (
					"\"$(CINDER_PATH)/include\" ../include",
					../../cinder_master/blocks/ArUco/lib/aruco/src,
					"\"../../cinder_master/blocks/Cinder-OpenCV/include\"",
					"\"../../cinder_master/blocks/Cinder-OpenCV/include/opencv2\"",
				);
			};
			name = Debug;
		};
		C01FCF5008A954540054247B /* Release */ = {
			isa = XCBuildConfiguration;
			buildSettings = {
				CLANG_CXX_LANGUAGE_STANDARD = "c++0x";
				CLANG_CXX_LIBRARY = "libc++";
				ALWAYS_SEARCH_USER_PATHS = NO;
				ARCHS = i386;
				CINDER_PATH = "../../cinder_master";
				GCC_WARN_ABOUT_RETURN_TYPE = YES;
				GCC_WARN_UNUSED_VARIABLE = YES;
				HEADER_SEARCH_PATHS = "\"$(CINDER_PATH)/boost\"";
				MACOSX_DEPLOYMENT_TARGET = 10.7;
				SDKROOT = macosx;
				USER_HEADER_SEARCH_PATHS = (
					"\"$(CINDER_PATH)/include\" ../include",
					../../cinder_master/blocks/ArUco/lib/aruco/src,
					"\"../../cinder_master/blocks/Cinder-OpenCV/include\"",
					"\"../../cinder_master/blocks/Cinder-OpenCV/include/opencv2\"",
				);
			};
			name = Release;
		};
/* End XCBuildConfiguration section */

/* Begin XCConfigurationList section */
		C01FCF4A08A954540054247B /* Build configuration list for PBXNativeTarget "CinderCalibration" */ = {
			isa = XCConfigurationList;
			buildConfigurations = (
				C01FCF4B08A954540054247B /* Debug */,
				C01FCF4C08A954540054247B /* Release */,
			);
			defaultConfigurationIsVisible = 0;
			defaultConfigurationName = Release;
		};
		C01FCF4E08A954540054247B /* Build configuration list for PBXProject "CinderCalibration" */ = {
			isa = XCConfigurationList;
			buildConfigurations = (
				C01FCF4F08A954540054247B /* Debug */,
				C01FCF5008A954540054247B /* Release */,
			);
			defaultConfigurationIsVisible = 0;
			defaultConfigurationName = Release;
		};
/* End XCConfigurationList section */
	};
	rootObject = 29B97313FDCFA39411CA2CEA /* Project object */;
}
